// !$*UTF8*$!
{
	archiveVersion = 1;
	classes = {
	};
	objectVersion = 56;
	objects = {

/* Begin PBXBuildFile section */
		1F105D882A69266200BBF0FE /* AppDelegate.swift in Sources */ = {isa = PBXBuildFile; fileRef = 1F105D872A69266200BBF0FE /* AppDelegate.swift */; };
		1F105D8A2A69266200BBF0FE /* SceneDelegate.swift in Sources */ = {isa = PBXBuildFile; fileRef = 1F105D892A69266200BBF0FE /* SceneDelegate.swift */; };
		1F105D8C2A69266200BBF0FE /* ProductListViewController.swift in Sources */ = {isa = PBXBuildFile; fileRef = 1F105D8B2A69266200BBF0FE /* ProductListViewController.swift */; };
		1F105D8F2A69266200BBF0FE /* Main.storyboard in Resources */ = {isa = PBXBuildFile; fileRef = 1F105D8D2A69266200BBF0FE /* Main.storyboard */; };
		1F105D912A69266600BBF0FE /* Assets.xcassets in Resources */ = {isa = PBXBuildFile; fileRef = 1F105D902A69266600BBF0FE /* Assets.xcassets */; };
		1F105D942A69266600BBF0FE /* LaunchScreen.storyboard in Resources */ = {isa = PBXBuildFile; fileRef = 1F105D922A69266600BBF0FE /* LaunchScreen.storyboard */; };
		1F105D9F2A69266600BBF0FE /* MVVMDemoTests.swift in Sources */ = {isa = PBXBuildFile; fileRef = 1F105D9E2A69266600BBF0FE /* MVVMDemoTests.swift */; };
		1F105DA92A69266600BBF0FE /* MVVMDemoUITests.swift in Sources */ = {isa = PBXBuildFile; fileRef = 1F105DA82A69266600BBF0FE /* MVVMDemoUITests.swift */; };
		1F105DAB2A69266600BBF0FE /* MVVMDemoUITestsLaunchTests.swift in Sources */ = {isa = PBXBuildFile; fileRef = 1F105DAA2A69266600BBF0FE /* MVVMDemoUITestsLaunchTests.swift */; };
		1F105DBF2A692A9300BBF0FE /* Constants.swift in Sources */ = {isa = PBXBuildFile; fileRef = 1F105DBE2A692A9300BBF0FE /* Constants.swift */; };
/* End PBXBuildFile section */

/* Begin PBXContainerItemProxy section */
		1F105D9B2A69266600BBF0FE /* PBXContainerItemProxy */ = {
			isa = PBXContainerItemProxy;
			containerPortal = 1F105D7C2A69266200BBF0FE /* Project object */;
			proxyType = 1;
			remoteGlobalIDString = 1F105D832A69266200BBF0FE;
			remoteInfo = MVVMDemo;
		};
		1F105DA52A69266600BBF0FE /* PBXContainerItemProxy */ = {
			isa = PBXContainerItemProxy;
			containerPortal = 1F105D7C2A69266200BBF0FE /* Project object */;
			proxyType = 1;
			remoteGlobalIDString = 1F105D832A69266200BBF0FE;
			remoteInfo = MVVMDemo;
		};
/* End PBXContainerItemProxy section */

/* Begin PBXFileReference section */
		1F105D842A69266200BBF0FE /* MVVMDemo.app */ = {isa = PBXFileReference; explicitFileType = wrapper.application; includeInIndex = 0; path = MVVMDemo.app; sourceTree = BUILT_PRODUCTS_DIR; };
		1F105D872A69266200BBF0FE /* AppDelegate.swift */ = {isa = PBXFileReference; lastKnownFileType = sourcecode.swift; path = AppDelegate.swift; sourceTree = "<group>"; };
		1F105D892A69266200BBF0FE /* SceneDelegate.swift */ = {isa = PBXFileReference; lastKnownFileType = sourcecode.swift; path = SceneDelegate.swift; sourceTree = "<group>"; };
		1F105D8B2A69266200BBF0FE /* ProductListViewController.swift */ = {isa = PBXFileReference; lastKnownFileType = sourcecode.swift; path = ProductListViewController.swift; sourceTree = "<group>"; };
		1F105D8E2A69266200BBF0FE /* Base */ = {isa = PBXFileReference; lastKnownFileType = file.storyboard; name = Base; path = Base.lproj/Main.storyboard; sourceTree = "<group>"; };
		1F105D902A69266600BBF0FE /* Assets.xcassets */ = {isa = PBXFileReference; lastKnownFileType = folder.assetcatalog; path = Assets.xcassets; sourceTree = "<group>"; };
		1F105D932A69266600BBF0FE /* Base */ = {isa = PBXFileReference; lastKnownFileType = file.storyboard; name = Base; path = Base.lproj/LaunchScreen.storyboard; sourceTree = "<group>"; };
		1F105D952A69266600BBF0FE /* Info.plist */ = {isa = PBXFileReference; lastKnownFileType = text.plist.xml; path = Info.plist; sourceTree = "<group>"; };
		1F105D9A2A69266600BBF0FE /* MVVMDemoTests.xctest */ = {isa = PBXFileReference; explicitFileType = wrapper.cfbundle; includeInIndex = 0; path = MVVMDemoTests.xctest; sourceTree = BUILT_PRODUCTS_DIR; };
		1F105D9E2A69266600BBF0FE /* MVVMDemoTests.swift */ = {isa = PBXFileReference; lastKnownFileType = sourcecode.swift; path = MVVMDemoTests.swift; sourceTree = "<group>"; };
		1F105DA42A69266600BBF0FE /* MVVMDemoUITests.xctest */ = {isa = PBXFileReference; explicitFileType = wrapper.cfbundle; includeInIndex = 0; path = MVVMDemoUITests.xctest; sourceTree = BUILT_PRODUCTS_DIR; };
		1F105DA82A69266600BBF0FE /* MVVMDemoUITests.swift */ = {isa = PBXFileReference; lastKnownFileType = sourcecode.swift; path = MVVMDemoUITests.swift; sourceTree = "<group>"; };
		1F105DAA2A69266600BBF0FE /* MVVMDemoUITestsLaunchTests.swift */ = {isa = PBXFileReference; lastKnownFileType = sourcecode.swift; path = MVVMDemoUITestsLaunchTests.swift; sourceTree = "<group>"; };
		1F105DBE2A692A9300BBF0FE /* Constants.swift */ = {isa = PBXFileReference; lastKnownFileType = sourcecode.swift; path = Constants.swift; sourceTree = "<group>"; };
/* End PBXFileReference section */

/* Begin PBXFrameworksBuildPhase section */
		1F105D812A69266200BBF0FE /* Frameworks */ = {
			isa = PBXFrameworksBuildPhase;
			buildActionMask = 2147483647;
			files = (
			);
			runOnlyForDeploymentPostprocessing = 0;
		};
		1F105D972A69266600BBF0FE /* Frameworks */ = {
			isa = PBXFrameworksBuildPhase;
			buildActionMask = 2147483647;
			files = (
			);
			runOnlyForDeploymentPostprocessing = 0;
		};
		1F105DA12A69266600BBF0FE /* Frameworks */ = {
			isa = PBXFrameworksBuildPhase;
			buildActionMask = 2147483647;
			files = (
			);
			runOnlyForDeploymentPostprocessing = 0;
		};
/* End PBXFrameworksBuildPhase section */

/* Begin PBXGroup section */
		1F105D7B2A69266200BBF0FE = {
			isa = PBXGroup;
			children = (
				1F105D862A69266200BBF0FE /* MVVMDemo */,
				1F105D9D2A69266600BBF0FE /* MVVMDemoTests */,
				1F105DA72A69266600BBF0FE /* MVVMDemoUITests */,
				1F105D852A69266200BBF0FE /* Products */,
			);
			sourceTree = "<group>";
		};
		1F105D852A69266200BBF0FE /* Products */ = {
			isa = PBXGroup;
			children = (
				1F105D842A69266200BBF0FE /* MVVMDemo.app */,
				1F105D9A2A69266600BBF0FE /* MVVMDemoTests.xctest */,
				1F105DA42A69266600BBF0FE /* MVVMDemoUITests.xctest */,
			);
			name = Products;
			sourceTree = "<group>";
		};
		1F105D862A69266200BBF0FE /* MVVMDemo */ = {
			isa = PBXGroup;
			children = (
				1F105DBA2A69283100BBF0FE /* ProductsList */,
				1F105DBD2A692A7D00BBF0FE /* Utils */,
				1F105D872A69266200BBF0FE /* AppDelegate.swift */,
				1F105D892A69266200BBF0FE /* SceneDelegate.swift */,
				1F105D902A69266600BBF0FE /* Assets.xcassets */,
				1F105D922A69266600BBF0FE /* LaunchScreen.storyboard */,
				1F105D952A69266600BBF0FE /* Info.plist */,
			);
			path = MVVMDemo;
			sourceTree = "<group>";
		};
		1F105D9D2A69266600BBF0FE /* MVVMDemoTests */ = {
			isa = PBXGroup;
			children = (
				1F105D9E2A69266600BBF0FE /* MVVMDemoTests.swift */,
			);
			path = MVVMDemoTests;
			sourceTree = "<group>";
		};
		1F105DA72A69266600BBF0FE /* MVVMDemoUITests */ = {
			isa = PBXGroup;
			children = (
				1F105DA82A69266600BBF0FE /* MVVMDemoUITests.swift */,
				1F105DAA2A69266600BBF0FE /* MVVMDemoUITestsLaunchTests.swift */,
			);
			path = MVVMDemoUITests;
			sourceTree = "<group>";
		};
		1F105DB72A69281100BBF0FE /* ViewModel */ = {
			isa = PBXGroup;
			children = (
			);
			path = ViewModel;
			sourceTree = "<group>";
		};
		1F105DB82A69282600BBF0FE /* View */ = {
			isa = PBXGroup;
			children = (
				1F105DBB2A69287B00BBF0FE /* Storyboard */,
				1F105D8B2A69266200BBF0FE /* ProductListViewController.swift */,
			);
			path = View;
			sourceTree = "<group>";
		};
		1F105DB92A69282C00BBF0FE /* Model */ = {
			isa = PBXGroup;
			children = (
			);
			path = Model;
			sourceTree = "<group>";
		};
		1F105DBA2A69283100BBF0FE /* ProductsList */ = {
			isa = PBXGroup;
			children = (
				1F105DB92A69282C00BBF0FE /* Model */,
				1F105DB82A69282600BBF0FE /* View */,
				1F105DB72A69281100BBF0FE /* ViewModel */,
			);
			path = ProductsList;
			sourceTree = "<group>";
		};
		1F105DBB2A69287B00BBF0FE /* Storyboard */ = {
			isa = PBXGroup;
			children = (
				1F105D8D2A69266200BBF0FE /* Main.storyboard */,
			);
			path = Storyboard;
			sourceTree = "<group>";
		};
		1F105DBD2A692A7D00BBF0FE /* Utils */ = {
			isa = PBXGroup;
			children = (
				1F105DBE2A692A9300BBF0FE /* Constants.swift */,
			);
			path = Utils;
			sourceTree = "<group>";
		};
/* End PBXGroup section */

/* Begin PBXNativeTarget section */
		1F105D832A69266200BBF0FE /* MVVMDemo */ = {
			isa = PBXNativeTarget;
			buildConfigurationList = 1F105DAE2A69266600BBF0FE /* Build configuration list for PBXNativeTarget "MVVMDemo" */;
			buildPhases = (
				1F105D802A69266200BBF0FE /* Sources */,
				1F105D812A69266200BBF0FE /* Frameworks */,
				1F105D822A69266200BBF0FE /* Resources */,
			);
			buildRules = (
			);
			dependencies = (
			);
			name = MVVMDemo;
			productName = MVVMDemo;
			productReference = 1F105D842A69266200BBF0FE /* MVVMDemo.app */;
			productType = "com.apple.product-type.application";
		};
		1F105D992A69266600BBF0FE /* MVVMDemoTests */ = {
			isa = PBXNativeTarget;
			buildConfigurationList = 1F105DB12A69266600BBF0FE /* Build configuration list for PBXNativeTarget "MVVMDemoTests" */;
			buildPhases = (
				1F105D962A69266600BBF0FE /* Sources */,
				1F105D972A69266600BBF0FE /* Frameworks */,
				1F105D982A69266600BBF0FE /* Resources */,
			);
			buildRules = (
			);
			dependencies = (
				1F105D9C2A69266600BBF0FE /* PBXTargetDependency */,
			);
			name = MVVMDemoTests;
			productName = MVVMDemoTests;
			productReference = 1F105D9A2A69266600BBF0FE /* MVVMDemoTests.xctest */;
			productType = "com.apple.product-type.bundle.unit-test";
		};
		1F105DA32A69266600BBF0FE /* MVVMDemoUITests */ = {
			isa = PBXNativeTarget;
			buildConfigurationList = 1F105DB42A69266600BBF0FE /* Build configuration list for PBXNativeTarget "MVVMDemoUITests" */;
			buildPhases = (
				1F105DA02A69266600BBF0FE /* Sources */,
				1F105DA12A69266600BBF0FE /* Frameworks */,
				1F105DA22A69266600BBF0FE /* Resources */,
			);
			buildRules = (
			);
			dependencies = (
				1F105DA62A69266600BBF0FE /* PBXTargetDependency */,
			);
			name = MVVMDemoUITests;
			productName = MVVMDemoUITests;
			productReference = 1F105DA42A69266600BBF0FE /* MVVMDemoUITests.xctest */;
			productType = "com.apple.product-type.bundle.ui-testing";
		};
/* End PBXNativeTarget section */

/* Begin PBXProject section */
		1F105D7C2A69266200BBF0FE /* Project object */ = {
			isa = PBXProject;
			attributes = {
				BuildIndependentTargetsInParallel = 1;
				LastSwiftUpdateCheck = 1430;
				LastUpgradeCheck = 1430;
				TargetAttributes = {
					1F105D832A69266200BBF0FE = {
						CreatedOnToolsVersion = 14.3.1;
					};
					1F105D992A69266600BBF0FE = {
						CreatedOnToolsVersion = 14.3.1;
						TestTargetID = 1F105D832A69266200BBF0FE;
					};
					1F105DA32A69266600BBF0FE = {
						CreatedOnToolsVersion = 14.3.1;
						TestTargetID = 1F105D832A69266200BBF0FE;
					};
				};
			};
			buildConfigurationList = 1F105D7F2A69266200BBF0FE /* Build configuration list for PBXProject "MVVMDemo" */;
			compatibilityVersion = "Xcode 14.0";
			developmentRegion = en;
			hasScannedForEncodings = 0;
			knownRegions = (
				en,
				Base,
			);
			mainGroup = 1F105D7B2A69266200BBF0FE;
			productRefGroup = 1F105D852A69266200BBF0FE /* Products */;
			projectDirPath = "";
			projectRoot = "";
			targets = (
				1F105D832A69266200BBF0FE /* MVVMDemo */,
				1F105D992A69266600BBF0FE /* MVVMDemoTests */,
				1F105DA32A69266600BBF0FE /* MVVMDemoUITests */,
			);
		};
/* End PBXProject section */

/* Begin PBXResourcesBuildPhase section */
		1F105D822A69266200BBF0FE /* Resources */ = {
			isa = PBXResourcesBuildPhase;
			buildActionMask = 2147483647;
			files = (
				1F105D942A69266600BBF0FE /* LaunchScreen.storyboard in Resources */,
				1F105D912A69266600BBF0FE /* Assets.xcassets in Resources */,
				1F105D8F2A69266200BBF0FE /* Main.storyboard in Resources */,
			);
			runOnlyForDeploymentPostprocessing = 0;
		};
		1F105D982A69266600BBF0FE /* Resources */ = {
			isa = PBXResourcesBuildPhase;
			buildActionMask = 2147483647;
			files = (
			);
			runOnlyForDeploymentPostprocessing = 0;
		};
		1F105DA22A69266600BBF0FE /* Resources */ = {
			isa = PBXResourcesBuildPhase;
			buildActionMask = 2147483647;
			files = (
			);
			runOnlyForDeploymentPostprocessing = 0;
		};
/* End PBXResourcesBuildPhase section */

/* Begin PBXSourcesBuildPhase section */
		1F105D802A69266200BBF0FE /* Sources */ = {
			isa = PBXSourcesBuildPhase;
			buildActionMask = 2147483647;
			files = (
				1F105D8C2A69266200BBF0FE /* ProductListViewController.swift in Sources */,
				1F105D882A69266200BBF0FE /* AppDelegate.swift in Sources */,
				1F105D8A2A69266200BBF0FE /* SceneDelegate.swift in Sources */,
				1F105DBF2A692A9300BBF0FE /* Constants.swift in Sources */,
			);
			runOnlyForDeploymentPostprocessing = 0;
		};
		1F105D962A69266600BBF0FE /* Sources */ = {
			isa = PBXSourcesBuildPhase;
			buildActionMask = 2147483647;
			files = (
				1F105D9F2A69266600BBF0FE /* MVVMDemoTests.swift in Sources */,
			);
			runOnlyForDeploymentPostprocessing = 0;
		};
		1F105DA02A69266600BBF0FE /* Sources */ = {
			isa = PBXSourcesBuildPhase;
			buildActionMask = 2147483647;
			files = (
				1F105DAB2A69266600BBF0FE /* MVVMDemoUITestsLaunchTests.swift in Sources */,
				1F105DA92A69266600BBF0FE /* MVVMDemoUITests.swift in Sources */,
			);
			runOnlyForDeploymentPostprocessing = 0;
		};
/* End PBXSourcesBuildPhase section */

/* Begin PBXTargetDependency section */
		1F105D9C2A69266600BBF0FE /* PBXTargetDependency */ = {
			isa = PBXTargetDependency;
			target = 1F105D832A69266200BBF0FE /* MVVMDemo */;
			targetProxy = 1F105D9B2A69266600BBF0FE /* PBXContainerItemProxy */;
		};
		1F105DA62A69266600BBF0FE /* PBXTargetDependency */ = {
			isa = PBXTargetDependency;
			target = 1F105D832A69266200BBF0FE /* MVVMDemo */;
			targetProxy = 1F105DA52A69266600BBF0FE /* PBXContainerItemProxy */;
		};
/* End PBXTargetDependency section */

/* Begin PBXVariantGroup section */
		1F105D8D2A69266200BBF0FE /* Main.storyboard */ = {
			isa = PBXVariantGroup;
			children = (
				1F105D8E2A69266200BBF0FE /* Base */,
			);
			name = Main.storyboard;
			sourceTree = "<group>";
		};
		1F105D922A69266600BBF0FE /* LaunchScreen.storyboard */ = {
			isa = PBXVariantGroup;
			children = (
				1F105D932A69266600BBF0FE /* Base */,
			);
			name = LaunchScreen.storyboard;
			sourceTree = "<group>";
		};
/* End PBXVariantGroup section */

/* Begin XCBuildConfiguration section */
		1F105DAC2A69266600BBF0FE /* Debug */ = {
			isa = XCBuildConfiguration;
			buildSettings = {
				ALWAYS_SEARCH_USER_PATHS = NO;
				CLANG_ANALYZER_NONNULL = YES;
				CLANG_ANALYZER_NUMBER_OBJECT_CONVERSION = YES_AGGRESSIVE;
				CLANG_CXX_LANGUAGE_STANDARD = "gnu++20";
				CLANG_ENABLE_MODULES = YES;
				CLANG_ENABLE_OBJC_ARC = YES;
				CLANG_ENABLE_OBJC_WEAK = YES;
				CLANG_WARN_BLOCK_CAPTURE_AUTORELEASING = YES;
				CLANG_WARN_BOOL_CONVERSION = YES;
				CLANG_WARN_COMMA = YES;
				CLANG_WARN_CONSTANT_CONVERSION = YES;
				CLANG_WARN_DEPRECATED_OBJC_IMPLEMENTATIONS = YES;
				CLANG_WARN_DIRECT_OBJC_ISA_USAGE = YES_ERROR;
				CLANG_WARN_DOCUMENTATION_COMMENTS = YES;
				CLANG_WARN_EMPTY_BODY = YES;
				CLANG_WARN_ENUM_CONVERSION = YES;
				CLANG_WARN_INFINITE_RECURSION = YES;
				CLANG_WARN_INT_CONVERSION = YES;
				CLANG_WARN_NON_LITERAL_NULL_CONVERSION = YES;
				CLANG_WARN_OBJC_IMPLICIT_RETAIN_SELF = YES;
				CLANG_WARN_OBJC_LITERAL_CONVERSION = YES;
				CLANG_WARN_OBJC_ROOT_CLASS = YES_ERROR;
				CLANG_WARN_QUOTED_INCLUDE_IN_FRAMEWORK_HEADER = YES;
				CLANG_WARN_RANGE_LOOP_ANALYSIS = YES;
				CLANG_WARN_STRICT_PROTOTYPES = YES;
				CLANG_WARN_SUSPICIOUS_MOVE = YES;
				CLANG_WARN_UNGUARDED_AVAILABILITY = YES_AGGRESSIVE;
				CLANG_WARN_UNREACHABLE_CODE = YES;
				CLANG_WARN__DUPLICATE_METHOD_MATCH = YES;
				COPY_PHASE_STRIP = NO;
				DEBUG_INFORMATION_FORMAT = dwarf;
				ENABLE_STRICT_OBJC_MSGSEND = YES;
				ENABLE_TESTABILITY = YES;
				GCC_C_LANGUAGE_STANDARD = gnu11;
				GCC_DYNAMIC_NO_PIC = NO;
				GCC_NO_COMMON_BLOCKS = YES;
				GCC_OPTIMIZATION_LEVEL = 0;
				GCC_PREPROCESSOR_DEFINITIONS = (
					"DEBUG=1",
					"$(inherited)",
				);
				GCC_WARN_64_TO_32_BIT_CONVERSION = YES;
				GCC_WARN_ABOUT_RETURN_TYPE = YES_ERROR;
				GCC_WARN_UNDECLARED_SELECTOR = YES;
				GCC_WARN_UNINITIALIZED_AUTOS = YES_AGGRESSIVE;
				GCC_WARN_UNUSED_FUNCTION = YES;
				GCC_WARN_UNUSED_VARIABLE = YES;
				IPHONEOS_DEPLOYMENT_TARGET = 16.4;
				MTL_ENABLE_DEBUG_INFO = INCLUDE_SOURCE;
				MTL_FAST_MATH = YES;
				ONLY_ACTIVE_ARCH = YES;
				SDKROOT = iphoneos;
				SWIFT_ACTIVE_COMPILATION_CONDITIONS = DEBUG;
				SWIFT_OPTIMIZATION_LEVEL = "-Onone";
			};
			name = Debug;
		};
		1F105DAD2A69266600BBF0FE /* Release */ = {
			isa = XCBuildConfiguration;
			buildSettings = {
				ALWAYS_SEARCH_USER_PATHS = NO;
				CLANG_ANALYZER_NONNULL = YES;
				CLANG_ANALYZER_NUMBER_OBJECT_CONVERSION = YES_AGGRESSIVE;
				CLANG_CXX_LANGUAGE_STANDARD = "gnu++20";
				CLANG_ENABLE_MODULES = YES;
				CLANG_ENABLE_OBJC_ARC = YES;
				CLANG_ENABLE_OBJC_WEAK = YES;
				CLANG_WARN_BLOCK_CAPTURE_AUTORELEASING = YES;
				CLANG_WARN_BOOL_CONVERSION = YES;
				CLANG_WARN_COMMA = YES;
				CLANG_WARN_CONSTANT_CONVERSION = YES;
				CLANG_WARN_DEPRECATED_OBJC_IMPLEMENTATIONS = YES;
				CLANG_WARN_DIRECT_OBJC_ISA_USAGE = YES_ERROR;
				CLANG_WARN_DOCUMENTATION_COMMENTS = YES;
				CLANG_WARN_EMPTY_BODY = YES;
				CLANG_WARN_ENUM_CONVERSION = YES;
				CLANG_WARN_INFINITE_RECURSION = YES;
				CLANG_WARN_INT_CONVERSION = YES;
				CLANG_WARN_NON_LITERAL_NULL_CONVERSION = YES;
				CLANG_WARN_OBJC_IMPLICIT_RETAIN_SELF = YES;
				CLANG_WARN_OBJC_LITERAL_CONVERSION = YES;
				CLANG_WARN_OBJC_ROOT_CLASS = YES_ERROR;
				CLANG_WARN_QUOTED_INCLUDE_IN_FRAMEWORK_HEADER = YES;
				CLANG_WARN_RANGE_LOOP_ANALYSIS = YES;
				CLANG_WARN_STRICT_PROTOTYPES = YES;
				CLANG_WARN_SUSPICIOUS_MOVE = YES;
				CLANG_WARN_UNGUARDED_AVAILABILITY = YES_AGGRESSIVE;
				CLANG_WARN_UNREACHABLE_CODE = YES;
				CLANG_WARN__DUPLICATE_METHOD_MATCH = YES;
				COPY_PHASE_STRIP = NO;
				DEBUG_INFORMATION_FORMAT = "dwarf-with-dsym";
				ENABLE_NS_ASSERTIONS = NO;
				ENABLE_STRICT_OBJC_MSGSEND = YES;
				GCC_C_LANGUAGE_STANDARD = gnu11;
				GCC_NO_COMMON_BLOCKS = YES;
				GCC_WARN_64_TO_32_BIT_CONVERSION = YES;
				GCC_WARN_ABOUT_RETURN_TYPE = YES_ERROR;
				GCC_WARN_UNDECLARED_SELECTOR = YES;
				GCC_WARN_UNINITIALIZED_AUTOS = YES_AGGRESSIVE;
				GCC_WARN_UNUSED_FUNCTION = YES;
				GCC_WARN_UNUSED_VARIABLE = YES;
				IPHONEOS_DEPLOYMENT_TARGET = 16.4;
				MTL_ENABLE_DEBUG_INFO = NO;
				MTL_FAST_MATH = YES;
				SDKROOT = iphoneos;
				SWIFT_COMPILATION_MODE = wholemodule;
				SWIFT_OPTIMIZATION_LEVEL = "-O";
				VALIDATE_PRODUCT = YES;
			};
			name = Release;
		};
		1F105DAF2A69266600BBF0FE /* Debug */ = {
			isa = XCBuildConfiguration;
			buildSettings = {
				ASSETCATALOG_COMPILER_APPICON_NAME = AppIcon;
				ASSETCATALOG_COMPILER_GLOBAL_ACCENT_COLOR_NAME = AccentColor;
				CODE_SIGN_STYLE = Automatic;
				CURRENT_PROJECT_VERSION = 1;
				GENERATE_INFOPLIST_FILE = YES;
				INFOPLIST_FILE = MVVMDemo/Info.plist;
				INFOPLIST_KEY_UIApplicationSupportsIndirectInputEvents = YES;
				INFOPLIST_KEY_UILaunchStoryboardName = LaunchScreen;
				INFOPLIST_KEY_UIMainStoryboardFile = Main;
				INFOPLIST_KEY_UISupportedInterfaceOrientations_iPad = "UIInterfaceOrientationPortrait UIInterfaceOrientationPortraitUpsideDown UIInterfaceOrientationLandscapeLeft UIInterfaceOrientationLandscapeRight";
				INFOPLIST_KEY_UISupportedInterfaceOrientations_iPhone = "UIInterfaceOrientationPortrait UIInterfaceOrientationLandscapeLeft UIInterfaceOrientationLandscapeRight";
				LD_RUNPATH_SEARCH_PATHS = (
					"$(inherited)",
					"@executable_path/Frameworks",
				);
				MARKETING_VERSION = 1.0;
				PRODUCT_BUNDLE_IDENTIFIER = com.animation.MVVMDemo;
				PRODUCT_NAME = "$(TARGET_NAME)";
				SWIFT_EMIT_LOC_STRINGS = YES;
				SWIFT_VERSION = 5.0;
				TARGETED_DEVICE_FAMILY = "1,2";
			};
			name = Debug;
		};
		1F105DB02A69266600BBF0FE /* Release */ = {
			isa = XCBuildConfiguration;
			buildSettings = {
				ASSETCATALOG_COMPILER_APPICON_NAME = AppIcon;
				ASSETCATALOG_COMPILER_GLOBAL_ACCENT_COLOR_NAME = AccentColor;
				CODE_SIGN_STYLE = Automatic;
				CURRENT_PROJECT_VERSION = 1;
				GENERATE_INFOPLIST_FILE = YES;
				INFOPLIST_FILE = MVVMDemo/Info.plist;
				INFOPLIST_KEY_UIApplicationSupportsIndirectInputEvents = YES;
				INFOPLIST_KEY_UILaunchStoryboardName = LaunchScreen;
				INFOPLIST_KEY_UIMainStoryboardFile = Main;
				INFOPLIST_KEY_UISupportedInterfaceOrientations_iPad = "UIInterfaceOrientationPortrait UIInterfaceOrientationPortraitUpsideDown UIInterfaceOrientationLandscapeLeft UIInterfaceOrientationLandscapeRight";
				INFOPLIST_KEY_UISupportedInterfaceOrientations_iPhone = "UIInterfaceOrientationPortrait UIInterfaceOrientationLandscapeLeft UIInterfaceOrientationLandscapeRight";
				LD_RUNPATH_SEARCH_PATHS = (
					"$(inherited)",
					"@executable_path/Frameworks",
				);
				MARKETING_VERSION = 1.0;
				PRODUCT_BUNDLE_IDENTIFIER = com.animation.MVVMDemo;
				PRODUCT_NAME = "$(TARGET_NAME)";
				SWIFT_EMIT_LOC_STRINGS = YES;
				SWIFT_VERSION = 5.0;
				TARGETED_DEVICE_FAMILY = "1,2";
			};
			name = Release;
		};
		1F105DB22A69266600BBF0FE /* Debug */ = {
			isa = XCBuildConfiguration;
			buildSettings = {
				ALWAYS_EMBED_SWIFT_STANDARD_LIBRARIES = YES;
				BUNDLE_LOADER = "$(TEST_HOST)";
				CODE_SIGN_STYLE = Automatic;
				CURRENT_PROJECT_VERSION = 1;
				GENERATE_INFOPLIST_FILE = YES;
				IPHONEOS_DEPLOYMENT_TARGET = 16.4;
				MARKETING_VERSION = 1.0;
				PRODUCT_BUNDLE_IDENTIFIER = com.animation.MVVMDemoTests;
				PRODUCT_NAME = "$(TARGET_NAME)";
				SWIFT_EMIT_LOC_STRINGS = NO;
				SWIFT_VERSION = 5.0;
				TARGETED_DEVICE_FAMILY = "1,2";
				TEST_HOST = "$(BUILT_PRODUCTS_DIR)/MVVMDemo.app/$(BUNDLE_EXECUTABLE_FOLDER_PATH)/MVVMDemo";
			};
			name = Debug;
		};
		1F105DB32A69266600BBF0FE /* Release */ = {
			isa = XCBuildConfiguration;
			buildSettings = {
				ALWAYS_EMBED_SWIFT_STANDARD_LIBRARIES = YES;
				BUNDLE_LOADER = "$(TEST_HOST)";
				CODE_SIGN_STYLE = Automatic;
				CURRENT_PROJECT_VERSION = 1;
				GENERATE_INFOPLIST_FILE = YES;
				IPHONEOS_DEPLOYMENT_TARGET = 16.4;
				MARKETING_VERSION = 1.0;
				PRODUCT_BUNDLE_IDENTIFIER = com.animation.MVVMDemoTests;
				PRODUCT_NAME = "$(TARGET_NAME)";
				SWIFT_EMIT_LOC_STRINGS = NO;
				SWIFT_VERSION = 5.0;
				TARGETED_DEVICE_FAMILY = "1,2";
				TEST_HOST = "$(BUILT_PRODUCTS_DIR)/MVVMDemo.app/$(BUNDLE_EXECUTABLE_FOLDER_PATH)/MVVMDemo";
			};
			name = Release;
		};
		1F105DB52A69266600BBF0FE /* Debug */ = {
			isa = XCBuildConfiguration;
			buildSettings = {
				ALWAYS_EMBED_SWIFT_STANDARD_LIBRARIES = YES;
				CODE_SIGN_STYLE = Automatic;
				CURRENT_PROJECT_VERSION = 1;
				GENERATE_INFOPLIST_FILE = YES;
				MARKETING_VERSION = 1.0;
				PRODUCT_BUNDLE_IDENTIFIER = com.animation.MVVMDemoUITests;
				PRODUCT_NAME = "$(TARGET_NAME)";
				SWIFT_EMIT_LOC_STRINGS = NO;
				SWIFT_VERSION = 5.0;
				TARGETED_DEVICE_FAMILY = "1,2";
				TEST_TARGET_NAME = MVVMDemo;
			};
			name = Debug;
		};
		1F105DB62A69266600BBF0FE /* Release */ = {
			isa = XCBuildConfiguration;
			buildSettings = {
				ALWAYS_EMBED_SWIFT_STANDARD_LIBRARIES = YES;
				CODE_SIGN_STYLE = Automatic;
				CURRENT_PROJECT_VERSION = 1;
				GENERATE_INFOPLIST_FILE = YES;
				MARKETING_VERSION = 1.0;
				PRODUCT_BUNDLE_IDENTIFIER = com.animation.MVVMDemoUITests;
				PRODUCT_NAME = "$(TARGET_NAME)";
				SWIFT_EMIT_LOC_STRINGS = NO;
				SWIFT_VERSION = 5.0;
				TARGETED_DEVICE_FAMILY = "1,2";
				TEST_TARGET_NAME = MVVMDemo;
			};
			name = Release;
		};
/* End XCBuildConfiguration section */

/* Begin XCConfigurationList section */
		1F105D7F2A69266200BBF0FE /* Build configuration list for PBXProject "MVVMDemo" */ = {
			isa = XCConfigurationList;
			buildConfigurations = (
				1F105DAC2A69266600BBF0FE /* Debug */,
				1F105DAD2A69266600BBF0FE /* Release */,
			);
			defaultConfigurationIsVisible = 0;
			defaultConfigurationName = Release;
		};
		1F105DAE2A69266600BBF0FE /* Build configuration list for PBXNativeTarget "MVVMDemo" */ = {
			isa = XCConfigurationList;
			buildConfigurations = (
				1F105DAF2A69266600BBF0FE /* Debug */,
				1F105DB02A69266600BBF0FE /* Release */,
			);
			defaultConfigurationIsVisible = 0;
			defaultConfigurationName = Release;
		};
		1F105DB12A69266600BBF0FE /* Build configuration list for PBXNativeTarget "MVVMDemoTests" */ = {
			isa = XCConfigurationList;
			buildConfigurations = (
				1F105DB22A69266600BBF0FE /* Debug */,
				1F105DB32A69266600BBF0FE /* Release */,
			);
			defaultConfigurationIsVisible = 0;
			defaultConfigurationName = Release;
		};
		1F105DB42A69266600BBF0FE /* Build configuration list for PBXNativeTarget "MVVMDemoUITests" */ = {
			isa = XCConfigurationList;
			buildConfigurations = (
				1F105DB52A69266600BBF0FE /* Debug */,
				1F105DB62A69266600BBF0FE /* Release */,
			);
			defaultConfigurationIsVisible = 0;
			defaultConfigurationName = Release;
		};
/* End XCConfigurationList section */
	};
	rootObject = 1F105D7C2A69266200BBF0FE /* Project object */;
}
